
Microsoft Visual Studio Solution File, Format Version 12.00
# Visual Studio Version 17
VisualStudioVersion = 17.1.32421.90
MinimumVisualStudioVersion = 10.0.40219.1
Project("{FAE04EC0-301F-11D3-BF4B-00C04F79EFBC}") = "CustomPagingGrid.Server", "CustomPagingGrid\Server\CustomPagingGrid.Server.csproj", "{6695AB80-8704-4E39-964D-3BD0693EAB4B}"
EndProject
Project("{FAE04EC0-301F-11D3-BF4B-00C04F79EFBC}") = "CustomPagingGrid.Client", "CustomPagingGrid\Client\CustomPagingGrid.Client.csproj", "{4128F3A0-8B4F-4720-915B-169710E736F7}"
EndProject
Project("{FAE04EC0-301F-11D3-BF4B-00C04F79EFBC}") = "CustomPagingGrid.Shared", "CustomPagingGrid\Shared\CustomPagingGrid.Shared.csproj", "{AD939EE0-5E22-4C9B-AEFD-DB94FEBBDA22}"
EndProject
Project("{FAE04EC0-301F-11D3-BF4B-00C04F79EFBC}") = "CustomPagingGrid.Api", "CustomPagingGrid.Api\CustomPagingGrid.Api.csproj", "{35556D53-AB50-407B-AAC9-DA3C04343BC4}"
EndProject
Global
	GlobalSection(SolutionConfigurationPlatforms) = preSolution
		Debug|Any CPU = Debug|Any CPU
		Release|Any CPU = Release|Any CPU
	EndGlobalSection
	GlobalSection(ProjectConfigurationPlatforms) = postSolution
		{6695AB80-8704-4E39-964D-3BD0693EAB4B}.Debug|Any CPU.ActiveCfg = Debug|Any CPU
		{6695AB80-8704-4E39-964D-3BD0693EAB4B}.Debug|Any CPU.Build.0 = Debug|Any CPU
		{6695AB80-8704-4E39-964D-3BD0693EAB4B}.Release|Any CPU.ActiveCfg = Release|Any CPU
		{6695AB80-8704-4E39-964D-3BD0693EAB4B}.Release|Any CPU.Build.0 = Release|Any CPU
		{4128F3A0-8B4F-4720-915B-169710E736F7}.Debug|Any CPU.ActiveCfg = Debug|Any CPU
		{4128F3A0-8B4F-4720-915B-169710E736F7}.Debug|Any CPU.Build.0 = Debug|Any CPU
		{4128F3A0-8B4F-4720-915B-169710E736F7}.Release|Any CPU.ActiveCfg = Release|Any CPU
		{4128F3A0-8B4F-4720-915B-169710E736F7}.Release|Any CPU.Build.0 = Release|Any CPU
		{AD939EE0-5E22-4C9B-AEFD-DB94FEBBDA22}.Debug|Any CPU.ActiveCfg = Debug|Any CPU
		{AD939EE0-5E22-4C9B-AEFD-DB94FEBBDA22}.Debug|Any CPU.Build.0 = Debug|Any CPU
		{AD939EE0-5E22-4C9B-AEFD-DB94FEBBDA22}.Release|Any CPU.ActiveCfg = Release|Any CPU
		{AD939EE0-5E22-4C9B-AEFD-DB94FEBBDA22}.Release|Any CPU.Build.0 = Release|Any CPU
		{35556D53-AB50-407B-AAC9-DA3C04343BC4}.Debug|Any CPU.ActiveCfg = Debug|Any CPU
		{35556D53-AB50-407B-AAC9-DA3C04343BC4}.Debug|Any CPU.Build.0 = Debug|Any CPU
		{35556D53-AB50-407B-AAC9-DA3C04343BC4}.Release|Any CPU.ActiveCfg = Release|Any CPU
		{35556D53-AB50-407B-AAC9-DA3C04343BC4}.Release|Any CPU.Build.0 = Release|Any CPU
	EndGlobalSection
	GlobalSection(SolutionProperties) = preSolution
		HideSolutionNode = FALSE
	EndGlobalSection
	GlobalSection(ExtensibilityGlobals) = postSolution
		SolutionGuid = {22B7313D-0E56-4980-870D-9626D1EA1832}
	EndGlobalSection
EndGlobal
